
Microsoft Visual Studio Solution File, Format Version 12.00
# Visual Studio Version 17
VisualStudioVersion = 17.0.31903.59
MinimumVisualStudioVersion = 10.0.40219.1
Project("{2150E333-8FDC-42A3-9474-1A3956D46DE8}") = "src", "src", "{827E0CD3-B72D-47B6-A68D-7590B98EB39B}"
EndProject
Project("{FAE04EC0-301F-11D3-BF4B-00C04F79EFBC}") = "Portfolio.Domain", "src\Portfolio.Domain\Portfolio.Domain.csproj", "{96BC4F76-F844-4A53-AF60-6ECC6C4C2E6A}"
EndProject
Project("{FAE04EC0-301F-11D3-BF4B-00C04F79EFBC}") = "Portfolio.Application", "src\Portfolio.Application\Portfolio.Application.csproj", "{90A790CD-455C-43CE-82BB-9849C8595DA5}"
EndProject
Project("{FAE04EC0-301F-11D3-BF4B-00C04F79EFBC}") = "Portfolio.Infrastructure", "src\Portfolio.Infrastructure\Portfolio.Infrastructure.csproj", "{96F496E0-B663-429A-9810-83262D348952}"
EndProject
Project("{FAE04EC0-301F-11D3-BF4B-00C04F79EFBC}") = "Portfolio.API", "src\Portfolio.API\Portfolio.API.csproj", "{5B51DA48-481A-4ED3-A142-5630D97DEEF0}"
EndProject
Project("{2150E333-8FDC-42A3-9474-1A3956D46DE8}") = "tests", "tests", "{0AB3BF05-4346-4AA6-1389-037BE0695223}"
EndProject
Project("{FAE04EC0-301F-11D3-BF4B-00C04F79EFBC}") = "Portfolio.Domain.Tests", "tests\Portfolio.Domain.Tests\Portfolio.Domain.Tests.csproj", "{3813666B-B2EA-4776-BF67-A4D96833AB4E}"
EndProject
Project("{FAE04EC0-301F-11D3-BF4B-00C04F79EFBC}") = "Portfolio.Application.Tests", "tests\Portfolio.Application.Tests\Portfolio.Application.Tests.csproj", "{96A390DA-A7A8-43A3-8426-CFF2E7A29A06}"
EndProject
Project("{FAE04EC0-301F-11D3-BF4B-00C04F79EFBC}") = "Portfolio.API.Tests", "tests\Portfolio.API.Tests\Portfolio.API.Tests.csproj", "{F835EDBB-D266-43B5-8815-9A48CEFC71E5}"
EndProject
Global
	GlobalSection(SolutionConfigurationPlatforms) = preSolution
		Debug|Any CPU = Debug|Any CPU
		Debug|x64 = Debug|x64
		Debug|x86 = Debug|x86
		Release|Any CPU = Release|Any CPU
		Release|x64 = Release|x64
		Release|x86 = Release|x86
	EndGlobalSection
	GlobalSection(ProjectConfigurationPlatforms) = postSolution
		{96BC4F76-F844-4A53-AF60-6ECC6C4C2E6A}.Debug|Any CPU.ActiveCfg = Debug|Any CPU
		{96BC4F76-F844-4A53-AF60-6ECC6C4C2E6A}.Debug|Any CPU.Build.0 = Debug|Any CPU
		{96BC4F76-F844-4A53-AF60-6ECC6C4C2E6A}.Debug|x64.ActiveCfg = Debug|Any CPU
		{96BC4F76-F844-4A53-AF60-6ECC6C4C2E6A}.Debug|x64.Build.0 = Debug|Any CPU
		{96BC4F76-F844-4A53-AF60-6ECC6C4C2E6A}.Debug|x86.ActiveCfg = Debug|Any CPU
		{96BC4F76-F844-4A53-AF60-6ECC6C4C2E6A}.Debug|x86.Build.0 = Debug|Any CPU
		{96BC4F76-F844-4A53-AF60-6ECC6C4C2E6A}.Release|Any CPU.ActiveCfg = Release|Any CPU
		{96BC4F76-F844-4A53-AF60-6ECC6C4C2E6A}.Release|Any CPU.Build.0 = Release|Any CPU
		{96BC4F76-F844-4A53-AF60-6ECC6C4C2E6A}.Release|x64.ActiveCfg = Release|Any CPU
		{96BC4F76-F844-4A53-AF60-6ECC6C4C2E6A}.Release|x64.Build.0 = Release|Any CPU
		{96BC4F76-F844-4A53-AF60-6ECC6C4C2E6A}.Release|x86.ActiveCfg = Release|Any CPU
		{96BC4F76-F844-4A53-AF60-6ECC6C4C2E6A}.Release|x86.Build.0 = Release|Any CPU
		{90A790CD-455C-43CE-82BB-9849C8595DA5}.Debug|Any CPU.ActiveCfg = Debug|Any CPU
		{90A790CD-455C-43CE-82BB-9849C8595DA5}.Debug|Any CPU.Build.0 = Debug|Any CPU
		{90A790CD-455C-43CE-82BB-9849C8595DA5}.Debug|x64.ActiveCfg = Debug|Any CPU
		{90A790CD-455C-43CE-82BB-9849C8595DA5}.Debug|x64.Build.0 = Debug|Any CPU
		{90A790CD-455C-43CE-82BB-9849C8595DA5}.Debug|x86.ActiveCfg = Debug|Any CPU
		{90A790CD-455C-43CE-82BB-9849C8595DA5}.Debug|x86.Build.0 = Debug|Any CPU
		{90A790CD-455C-43CE-82BB-9849C8595DA5}.Release|Any CPU.ActiveCfg = Release|Any CPU
		{90A790CD-455C-43CE-82BB-9849C8595DA5}.Release|Any CPU.Build.0 = Release|Any CPU
		{90A790CD-455C-43CE-82BB-9849C8595DA5}.Release|x64.ActiveCfg = Release|Any CPU
		{90A790CD-455C-43CE-82BB-9849C8595DA5}.Release|x64.Build.0 = Release|Any CPU
		{90A790CD-455C-43CE-82BB-9849C8595DA5}.Release|x86.ActiveCfg = Release|Any CPU
		{90A790CD-455C-43CE-82BB-9849C8595DA5}.Release|x86.Build.0 = Release|Any CPU
		{96F496E0-B663-429A-9810-83262D348952}.Debug|Any CPU.ActiveCfg = Debug|Any CPU
		{96F496E0-B663-429A-9810-83262D348952}.Debug|Any CPU.Build.0 = Debug|Any CPU
		{96F496E0-B663-429A-9810-83262D348952}.Debug|x64.ActiveCfg = Debug|Any CPU
		{96F496E0-B663-429A-9810-83262D348952}.Debug|x64.Build.0 = Debug|Any CPU
		{96F496E0-B663-429A-9810-83262D348952}.Debug|x86.ActiveCfg = Debug|Any CPU
		{96F496E0-B663-429A-9810-83262D348952}.Debug|x86.Build.0 = Debug|Any CPU
		{96F496E0-B663-429A-9810-83262D348952}.Release|Any CPU.ActiveCfg = Release|Any CPU
		{96F496E0-B663-429A-9810-83262D348952}.Release|Any CPU.Build.0 = Release|Any CPU
		{96F496E0-B663-429A-9810-83262D348952}.Release|x64.ActiveCfg = Release|Any CPU
		{96F496E0-B663-429A-9810-83262D348952}.Release|x64.Build.0 = Release|Any CPU
		{96F496E0-B663-429A-9810-83262D348952}.Release|x86.ActiveCfg = Release|Any CPU
		{96F496E0-B663-429A-9810-83262D348952}.Release|x86.Build.0 = Release|Any CPU
		{5B51DA48-481A-4ED3-A142-5630D97DEEF0}.Debug|Any CPU.ActiveCfg = Debug|Any CPU
		{5B51DA48-481A-4ED3-A142-5630D97DEEF0}.Debug|Any CPU.Build.0 = Debug|Any CPU
		{5B51DA48-481A-4ED3-A142-5630D97DEEF0}.Debug|x64.ActiveCfg = Debug|Any CPU
		{5B51DA48-481A-4ED3-A142-5630D97DEEF0}.Debug|x64.Build.0 = Debug|Any CPU
		{5B51DA48-481A-4ED3-A142-5630D97DEEF0}.Debug|x86.ActiveCfg = Debug|Any CPU
		{5B51DA48-481A-4ED3-A142-5630D97DEEF0}.Debug|x86.Build.0 = Debug|Any CPU
		{5B51DA48-481A-4ED3-A142-5630D97DEEF0}.Release|Any CPU.ActiveCfg = Release|Any CPU
		{5B51DA48-481A-4ED3-A142-5630D97DEEF0}.Release|Any CPU.Build.0 = Release|Any CPU
		{5B51DA48-481A-4ED3-A142-5630D97DEEF0}.Release|x64.ActiveCfg = Release|Any CPU
		{5B51DA48-481A-4ED3-A142-5630D97DEEF0}.Release|x64.Build.0 = Release|Any CPU
		{5B51DA48-481A-4ED3-A142-5630D97DEEF0}.Release|x86.ActiveCfg = Release|Any CPU
		{5B51DA48-481A-4ED3-A142-5630D97DEEF0}.Release|x86.Build.0 = Release|Any CPU
		{3813666B-B2EA-4776-BF67-A4D96833AB4E}.Debug|Any CPU.ActiveCfg = Debug|Any CPU
		{3813666B-B2EA-4776-BF67-A4D96833AB4E}.Debug|Any CPU.Build.0 = Debug|Any CPU
		{3813666B-B2EA-4776-BF67-A4D96833AB4E}.Debug|x64.ActiveCfg = Debug|Any CPU
		{3813666B-B2EA-4776-BF67-A4D96833AB4E}.Debug|x64.Build.0 = Debug|Any CPU
		{3813666B-B2EA-4776-BF67-A4D96833AB4E}.Debug|x86.ActiveCfg = Debug|Any CPU
		{3813666B-B2EA-4776-BF67-A4D96833AB4E}.Debug|x86.Build.0 = Debug|Any CPU
		{3813666B-B2EA-4776-BF67-A4D96833AB4E}.Release|Any CPU.ActiveCfg = Release|Any CPU
		{3813666B-B2EA-4776-BF67-A4D96833AB4E}.Release|Any CPU.Build.0 = Release|Any CPU
		{3813666B-B2EA-4776-BF67-A4D96833AB4E}.Release|x64.ActiveCfg = Release|Any CPU
		{3813666B-B2EA-4776-BF67-A4D96833AB4E}.Release|x64.Build.0 = Release|Any CPU
		{3813666B-B2EA-4776-BF67-A4D96833AB4E}.Release|x86.ActiveCfg = Release|Any CPU
		{3813666B-B2EA-4776-BF67-A4D96833AB4E}.Release|x86.Build.0 = Release|Any CPU
		{96A390DA-A7A8-43A3-8426-CFF2E7A29A06}.Debug|Any CPU.ActiveCfg = Debug|Any CPU
		{96A390DA-A7A8-43A3-8426-CFF2E7A29A06}.Debug|Any CPU.Build.0 = Debug|Any CPU
		{96A390DA-A7A8-43A3-8426-CFF2E7A29A06}.Debug|x64.ActiveCfg = Debug|Any CPU
		{96A390DA-A7A8-43A3-8426-CFF2E7A29A06}.Debug|x64.Build.0 = Debug|Any CPU
		{96A390DA-A7A8-43A3-8426-CFF2E7A29A06}.Debug|x86.ActiveCfg = Debug|Any CPU
		{96A390DA-A7A8-43A3-8426-CFF2E7A29A06}.Debug|x86.Build.0 = Debug|Any CPU
		{96A390DA-A7A8-43A3-8426-CFF2E7A29A06}.Release|Any CPU.ActiveCfg = Release|Any CPU
		{96A390DA-A7A8-43A3-8426-CFF2E7A29A06}.Release|Any CPU.Build.0 = Release|Any CPU
		{96A390DA-A7A8-43A3-8426-CFF2E7A29A06}.Release|x64.ActiveCfg = Release|Any CPU
		{96A390DA-A7A8-43A3-8426-CFF2E7A29A06}.Release|x64.Build.0 = Release|Any CPU
		{96A390DA-A7A8-43A3-8426-CFF2E7A29A06}.Release|x86.ActiveCfg = Release|Any CPU
		{96A390DA-A7A8-43A3-8426-CFF2E7A29A06}.Release|x86.Build.0 = Release|Any CPU
		{F835EDBB-D266-43B5-8815-9A48CEFC71E5}.Debug|Any CPU.ActiveCfg = Debug|Any CPU
		{F835EDBB-D266-43B5-8815-9A48CEFC71E5}.Debug|Any CPU.Build.0 = Debug|Any CPU
		{F835EDBB-D266-43B5-8815-9A48CEFC71E5}.Debug|x64.ActiveCfg = Debug|Any CPU
		{F835EDBB-D266-43B5-8815-9A48CEFC71E5}.Debug|x64.Build.0 = Debug|Any CPU
		{F835EDBB-D266-43B5-8815-9A48CEFC71E5}.Debug|x86.ActiveCfg = Debug|Any CPU
		{F835EDBB-D266-43B5-8815-9A48CEFC71E5}.Debug|x86.Build.0 = Debug|Any CPU
		{F835EDBB-D266-43B5-8815-9A48CEFC71E5}.Release|Any CPU.ActiveCfg = Release|Any CPU
		{F835EDBB-D266-43B5-8815-9A48CEFC71E5}.Release|Any CPU.Build.0 = Release|Any CPU
		{F835EDBB-D266-43B5-8815-9A48CEFC71E5}.Release|x64.ActiveCfg = Release|Any CPU
		{F835EDBB-D266-43B5-8815-9A48CEFC71E5}.Release|x64.Build.0 = Release|Any CPU
		{F835EDBB-D266-43B5-8815-9A48CEFC71E5}.Release|x86.ActiveCfg = Release|Any CPU
		{F835EDBB-D266-43B5-8815-9A48CEFC71E5}.Release|x86.Build.0 = Release|Any CPU
	EndGlobalSection
	GlobalSection(SolutionProperties) = preSolution
		HideSolutionNode = FALSE
	EndGlobalSection
	GlobalSection(NestedProjects) = preSolution
		{96BC4F76-F844-4A53-AF60-6ECC6C4C2E6A} = {827E0CD3-B72D-47B6-A68D-7590B98EB39B}
		{90A790CD-455C-43CE-82BB-9849C8595DA5} = {827E0CD3-B72D-47B6-A68D-7590B98EB39B}
		{96F496E0-B663-429A-9810-83262D348952} = {827E0CD3-B72D-47B6-A68D-7590B98EB39B}
		{5B51DA48-481A-4ED3-A142-5630D97DEEF0} = {827E0CD3-B72D-47B6-A68D-7590B98EB39B}
		{3813666B-B2EA-4776-BF67-A4D96833AB4E} = {0AB3BF05-4346-4AA6-1389-037BE0695223}
		{96A390DA-A7A8-43A3-8426-CFF2E7A29A06} = {0AB3BF05-4346-4AA6-1389-037BE0695223}
		{F835EDBB-D266-43B5-8815-9A48CEFC71E5} = {0AB3BF05-4346-4AA6-1389-037BE0695223}
	EndGlobalSection
EndGlobal
